// !$*UTF8*$!
{
	archiveVersion = 1;
	classes = {
	};
	objectVersion = 55;
	objects = {

/* Begin PBXBuildFile section */
		921B5CE727F5CA2F00559824 /* MainWindow.swift in Sources */ = {isa = PBXBuildFile; fileRef = 921B5CE627F5CA2F00559824 /* MainWindow.swift */; };
		921B5CEB27F5D6FF00559824 /* LoginWindow.swift in Sources */ = {isa = PBXBuildFile; fileRef = 921B5CEA27F5D6FF00559824 /* LoginWindow.swift */; };
		921B5CF227F5DC7200559824 /* UserData.swift in Sources */ = {isa = PBXBuildFile; fileRef = 921B5CF127F5DC7200559824 /* UserData.swift */; };
		921B5CF627F5DD5C00559824 /* KeyChain.swift in Sources */ = {isa = PBXBuildFile; fileRef = 921B5CF527F5DD5C00559824 /* KeyChain.swift */; };
		92ADE20B27F31100008EF83C /* simple_monitoringApp.swift in Sources */ = {isa = PBXBuildFile; fileRef = 92ADE20A27F31100008EF83C /* simple_monitoringApp.swift */; };
		92ADE20F27F31105008EF83C /* Assets.xcassets in Resources */ = {isa = PBXBuildFile; fileRef = 92ADE20E27F31105008EF83C /* Assets.xcassets */; };
		92ADE21227F31105008EF83C /* Preview Assets.xcassets in Resources */ = {isa = PBXBuildFile; fileRef = 92ADE21127F31105008EF83C /* Preview Assets.xcassets */; };
		92ADE21C27F31105008EF83C /* simple_monitoringTests.swift in Sources */ = {isa = PBXBuildFile; fileRef = 92ADE21B27F31105008EF83C /* simple_monitoringTests.swift */; };
		92ADE22627F31105008EF83C /* simple_monitoringUITests.swift in Sources */ = {isa = PBXBuildFile; fileRef = 92ADE22527F31105008EF83C /* simple_monitoringUITests.swift */; };
		92ADE22827F31105008EF83C /* simple_monitoringUITestsLaunchTests.swift in Sources */ = {isa = PBXBuildFile; fileRef = 92ADE22727F31105008EF83C /* simple_monitoringUITestsLaunchTests.swift */; };
/* End PBXBuildFile section */

/* Begin PBXContainerItemProxy section */
		92ADE21827F31105008EF83C /* PBXContainerItemProxy */ = {
			isa = PBXContainerItemProxy;
			containerPortal = 92ADE1FF27F31100008EF83C /* Project object */;
			proxyType = 1;
			remoteGlobalIDString = 92ADE20627F31100008EF83C;
			remoteInfo = "simple monitoring";
		};
		92ADE22227F31105008EF83C /* PBXContainerItemProxy */ = {
			isa = PBXContainerItemProxy;
			containerPortal = 92ADE1FF27F31100008EF83C /* Project object */;
			proxyType = 1;
			remoteGlobalIDString = 92ADE20627F31100008EF83C;
			remoteInfo = "simple monitoring";
		};
/* End PBXContainerItemProxy section */

/* Begin PBXFileReference section */
		921B5CE627F5CA2F00559824 /* MainWindow.swift */ = {isa = PBXFileReference; lastKnownFileType = sourcecode.swift; path = MainWindow.swift; sourceTree = "<group>"; };
		921B5CEA27F5D6FF00559824 /* LoginWindow.swift */ = {isa = PBXFileReference; lastKnownFileType = sourcecode.swift; path = LoginWindow.swift; sourceTree = "<group>"; };
		921B5CF127F5DC7200559824 /* UserData.swift */ = {isa = PBXFileReference; lastKnownFileType = sourcecode.swift; path = UserData.swift; sourceTree = "<group>"; };
		921B5CF527F5DD5C00559824 /* KeyChain.swift */ = {isa = PBXFileReference; lastKnownFileType = sourcecode.swift; path = KeyChain.swift; sourceTree = "<group>"; };
		92ADE20727F31100008EF83C /* simple monitoring.app */ = {isa = PBXFileReference; explicitFileType = wrapper.application; includeInIndex = 0; path = "simple monitoring.app"; sourceTree = BUILT_PRODUCTS_DIR; };
		92ADE20A27F31100008EF83C /* simple_monitoringApp.swift */ = {isa = PBXFileReference; lastKnownFileType = sourcecode.swift; path = simple_monitoringApp.swift; sourceTree = "<group>"; };
		92ADE20E27F31105008EF83C /* Assets.xcassets */ = {isa = PBXFileReference; lastKnownFileType = folder.assetcatalog; path = Assets.xcassets; sourceTree = "<group>"; };
		92ADE21127F31105008EF83C /* Preview Assets.xcassets */ = {isa = PBXFileReference; lastKnownFileType = folder.assetcatalog; path = "Preview Assets.xcassets"; sourceTree = "<group>"; };
		92ADE21727F31105008EF83C /* simple monitoringTests.xctest */ = {isa = PBXFileReference; explicitFileType = wrapper.cfbundle; includeInIndex = 0; path = "simple monitoringTests.xctest"; sourceTree = BUILT_PRODUCTS_DIR; };
		92ADE21B27F31105008EF83C /* simple_monitoringTests.swift */ = {isa = PBXFileReference; lastKnownFileType = sourcecode.swift; path = simple_monitoringTests.swift; sourceTree = "<group>"; };
		92ADE22127F31105008EF83C /* simple monitoringUITests.xctest */ = {isa = PBXFileReference; explicitFileType = wrapper.cfbundle; includeInIndex = 0; path = "simple monitoringUITests.xctest"; sourceTree = BUILT_PRODUCTS_DIR; };
		92ADE22527F31105008EF83C /* simple_monitoringUITests.swift */ = {isa = PBXFileReference; lastKnownFileType = sourcecode.swift; path = simple_monitoringUITests.swift; sourceTree = "<group>"; };
		92ADE22727F31105008EF83C /* simple_monitoringUITestsLaunchTests.swift */ = {isa = PBXFileReference; lastKnownFileType = sourcecode.swift; path = simple_monitoringUITestsLaunchTests.swift; sourceTree = "<group>"; };
/* End PBXFileReference section */

/* Begin PBXFrameworksBuildPhase section */
		92ADE20427F31100008EF83C /* Frameworks */ = {
			isa = PBXFrameworksBuildPhase;
			buildActionMask = 2147483647;
			files = (
			);
			runOnlyForDeploymentPostprocessing = 0;
		};
		92ADE21427F31105008EF83C /* Frameworks */ = {
			isa = PBXFrameworksBuildPhase;
			buildActionMask = 2147483647;
			files = (
			);
			runOnlyForDeploymentPostprocessing = 0;
		};
		92ADE21E27F31105008EF83C /* Frameworks */ = {
			isa = PBXFrameworksBuildPhase;
			buildActionMask = 2147483647;
			files = (
			);
			runOnlyForDeploymentPostprocessing = 0;
		};
/* End PBXFrameworksBuildPhase section */

/* Begin PBXGroup section */
		921B5CEC27F5DBE000559824 /* utils */ = {
			isa = PBXGroup;
			children = (
				921B5CEE27F5DC1700559824 /* UserData */,
				921B5CED27F5DC0300559824 /* Keychain */,
			);
			path = utils;
			sourceTree = "<group>";
		};
		921B5CED27F5DC0300559824 /* Keychain */ = {
			isa = PBXGroup;
			children = (
				921B5CF527F5DD5C00559824 /* KeyChain.swift */,
			);
			path = Keychain;
			sourceTree = "<group>";
		};
		921B5CEE27F5DC1700559824 /* UserData */ = {
			isa = PBXGroup;
			children = (
				921B5CF127F5DC7200559824 /* UserData.swift */,
			);
			path = UserData;
			sourceTree = "<group>";
		};
		921B5CF027F5DC4100559824 /* Pages */ = {
			isa = PBXGroup;
			children = (
				921B5CE627F5CA2F00559824 /* MainWindow.swift */,
				921B5CEA27F5D6FF00559824 /* LoginWindow.swift */,
			);
			path = Pages;
			sourceTree = "<group>";
		};
		92ADE1FE27F31100008EF83C = {
			isa = PBXGroup;
			children = (
				92ADE20927F31100008EF83C /* simple monitoring */,
				92ADE21A27F31105008EF83C /* simple monitoringTests */,
				92ADE22427F31105008EF83C /* simple monitoringUITests */,
				92ADE20827F31100008EF83C /* Products */,
			);
			sourceTree = "<group>";
		};
		92ADE20827F31100008EF83C /* Products */ = {
			isa = PBXGroup;
			children = (
				92ADE20727F31100008EF83C /* simple monitoring.app */,
				92ADE21727F31105008EF83C /* simple monitoringTests.xctest */,
				92ADE22127F31105008EF83C /* simple monitoringUITests.xctest */,
			);
			name = Products;
			sourceTree = "<group>";
		};
		92ADE20927F31100008EF83C /* simple monitoring */ = {
			isa = PBXGroup;
			children = (
				921B5CF027F5DC4100559824 /* Pages */,
				921B5CEC27F5DBE000559824 /* utils */,
				92ADE20A27F31100008EF83C /* simple_monitoringApp.swift */,
				92ADE20E27F31105008EF83C /* Assets.xcassets */,
				92ADE21027F31105008EF83C /* Preview Content */,
			);
			path = "simple monitoring";
			sourceTree = "<group>";
		};
		92ADE21027F31105008EF83C /* Preview Content */ = {
			isa = PBXGroup;
			children = (
				92ADE21127F31105008EF83C /* Preview Assets.xcassets */,
			);
			path = "Preview Content";
			sourceTree = "<group>";
		};
		92ADE21A27F31105008EF83C /* simple monitoringTests */ = {
			isa = PBXGroup;
			children = (
				92ADE21B27F31105008EF83C /* simple_monitoringTests.swift */,
			);
			path = "simple monitoringTests";
			sourceTree = "<group>";
		};
		92ADE22427F31105008EF83C /* simple monitoringUITests */ = {
			isa = PBXGroup;
			children = (
				92ADE22527F31105008EF83C /* simple_monitoringUITests.swift */,
				92ADE22727F31105008EF83C /* simple_monitoringUITestsLaunchTests.swift */,
			);
			path = "simple monitoringUITests";
			sourceTree = "<group>";
		};
/* End PBXGroup section */

/* Begin PBXNativeTarget section */
		92ADE20627F31100008EF83C /* simple monitoring */ = {
			isa = PBXNativeTarget;
			buildConfigurationList = 92ADE22B27F31105008EF83C /* Build configuration list for PBXNativeTarget "simple monitoring" */;
			buildPhases = (
				92ADE20327F31100008EF83C /* Sources */,
				92ADE20427F31100008EF83C /* Frameworks */,
				92ADE20527F31100008EF83C /* Resources */,
			);
			buildRules = (
			);
			dependencies = (
			);
			name = "simple monitoring";
			productName = "simple monitoring";
			productReference = 92ADE20727F31100008EF83C /* simple monitoring.app */;
			productType = "com.apple.product-type.application";
		};
		92ADE21627F31105008EF83C /* simple monitoringTests */ = {
			isa = PBXNativeTarget;
			buildConfigurationList = 92ADE22E27F31105008EF83C /* Build configuration list for PBXNativeTarget "simple monitoringTests" */;
			buildPhases = (
				92ADE21327F31105008EF83C /* Sources */,
				92ADE21427F31105008EF83C /* Frameworks */,
				92ADE21527F31105008EF83C /* Resources */,
			);
			buildRules = (
			);
			dependencies = (
				92ADE21927F31105008EF83C /* PBXTargetDependency */,
			);
			name = "simple monitoringTests";
			productName = "simple monitoringTests";
			productReference = 92ADE21727F31105008EF83C /* simple monitoringTests.xctest */;
			productType = "com.apple.product-type.bundle.unit-test";
		};
		92ADE22027F31105008EF83C /* simple monitoringUITests */ = {
			isa = PBXNativeTarget;
			buildConfigurationList = 92ADE23127F31105008EF83C /* Build configuration list for PBXNativeTarget "simple monitoringUITests" */;
			buildPhases = (
				92ADE21D27F31105008EF83C /* Sources */,
				92ADE21E27F31105008EF83C /* Frameworks */,
				92ADE21F27F31105008EF83C /* Resources */,
			);
			buildRules = (
			);
			dependencies = (
				92ADE22327F31105008EF83C /* PBXTargetDependency */,
			);
			name = "simple monitoringUITests";
			productName = "simple monitoringUITests";
			productReference = 92ADE22127F31105008EF83C /* simple monitoringUITests.xctest */;
			productType = "com.apple.product-type.bundle.ui-testing";
		};
/* End PBXNativeTarget section */

/* Begin PBXProject section */
		92ADE1FF27F31100008EF83C /* Project object */ = {
			isa = PBXProject;
			attributes = {
				BuildIndependentTargetsInParallel = 1;
				LastSwiftUpdateCheck = 1330;
				LastUpgradeCheck = 1330;
				TargetAttributes = {
					92ADE20627F31100008EF83C = {
						CreatedOnToolsVersion = 13.3;
					};
					92ADE21627F31105008EF83C = {
						CreatedOnToolsVersion = 13.3;
						TestTargetID = 92ADE20627F31100008EF83C;
					};
					92ADE22027F31105008EF83C = {
						CreatedOnToolsVersion = 13.3;
						TestTargetID = 92ADE20627F31100008EF83C;
					};
				};
			};
			buildConfigurationList = 92ADE20227F31100008EF83C /* Build configuration list for PBXProject "simple monitoring" */;
			compatibilityVersion = "Xcode 13.0";
			developmentRegion = en;
			hasScannedForEncodings = 0;
			knownRegions = (
				en,
				Base,
			);
			mainGroup = 92ADE1FE27F31100008EF83C;
			productRefGroup = 92ADE20827F31100008EF83C /* Products */;
			projectDirPath = "";
			projectRoot = "";
			targets = (
				92ADE20627F31100008EF83C /* simple monitoring */,
				92ADE21627F31105008EF83C /* simple monitoringTests */,
				92ADE22027F31105008EF83C /* simple monitoringUITests */,
			);
		};
/* End PBXProject section */

/* Begin PBXResourcesBuildPhase section */
		92ADE20527F31100008EF83C /* Resources */ = {
			isa = PBXResourcesBuildPhase;
			buildActionMask = 2147483647;
			files = (
				92ADE21227F31105008EF83C /* Preview Assets.xcassets in Resources */,
				92ADE20F27F31105008EF83C /* Assets.xcassets in Resources */,
			);
			runOnlyForDeploymentPostprocessing = 0;
		};
		92ADE21527F31105008EF83C /* Resources */ = {
			isa = PBXResourcesBuildPhase;
			buildActionMask = 2147483647;
			files = (
			);
			runOnlyForDeploymentPostprocessing = 0;
		};
		92ADE21F27F31105008EF83C /* Resources */ = {
			isa = PBXResourcesBuildPhase;
			buildActionMask = 2147483647;
			files = (
			);
			runOnlyForDeploymentPostprocessing = 0;
		};
/* End PBXResourcesBuildPhase section */

/* Begin PBXSourcesBuildPhase section */
		92ADE20327F31100008EF83C /* Sources */ = {
			isa = PBXSourcesBuildPhase;
			buildActionMask = 2147483647;
			files = (
				921B5CE727F5CA2F00559824 /* MainWindow.swift in Sources */,
				92ADE20B27F31100008EF83C /* simple_monitoringApp.swift in Sources */,
				921B5CF627F5DD5C00559824 /* KeyChain.swift in Sources */,
				921B5CF227F5DC7200559824 /* UserData.swift in Sources */,
				921B5CEB27F5D6FF00559824 /* LoginWindow.swift in Sources */,
			);
			runOnlyForDeploymentPostprocessing = 0;
		};
		92ADE21327F31105008EF83C /* Sources */ = {
			isa = PBXSourcesBuildPhase;
			buildActionMask = 2147483647;
			files = (
				92ADE21C27F31105008EF83C /* simple_monitoringTests.swift in Sources */,
			);
			runOnlyForDeploymentPostprocessing = 0;
		};
		92ADE21D27F31105008EF83C /* Sources */ = {
			isa = PBXSourcesBuildPhase;
			buildActionMask = 2147483647;
			files = (
				92ADE22827F31105008EF83C /* simple_monitoringUITestsLaunchTests.swift in Sources */,
				92ADE22627F31105008EF83C /* simple_monitoringUITests.swift in Sources */,
			);
			runOnlyForDeploymentPostprocessing = 0;
		};
/* End PBXSourcesBuildPhase section */

/* Begin PBXTargetDependency section */
		92ADE21927F31105008EF83C /* PBXTargetDependency */ = {
			isa = PBXTargetDependency;
			target = 92ADE20627F31100008EF83C /* simple monitoring */;
			targetProxy = 92ADE21827F31105008EF83C /* PBXContainerItemProxy */;
		};
		92ADE22327F31105008EF83C /* PBXTargetDependency */ = {
			isa = PBXTargetDependency;
			target = 92ADE20627F31100008EF83C /* simple monitoring */;
			targetProxy = 92ADE22227F31105008EF83C /* PBXContainerItemProxy */;
		};
/* End PBXTargetDependency section */

/* Begin XCBuildConfiguration section */
		92ADE22927F31105008EF83C /* Debug */ = {
			isa = XCBuildConfiguration;
			buildSettings = {
				ALWAYS_SEARCH_USER_PATHS = NO;
				CLANG_ANALYZER_NONNULL = YES;
				CLANG_ANALYZER_NUMBER_OBJECT_CONVERSION = YES_AGGRESSIVE;
				CLANG_CXX_LANGUAGE_STANDARD = "gnu++17";
				CLANG_ENABLE_MODULES = YES;
				CLANG_ENABLE_OBJC_ARC = YES;
				CLANG_ENABLE_OBJC_WEAK = YES;
				CLANG_WARN_BLOCK_CAPTURE_AUTORELEASING = YES;
				CLANG_WARN_BOOL_CONVERSION = YES;
				CLANG_WARN_COMMA = YES;
				CLANG_WARN_CONSTANT_CONVERSION = YES;
				CLANG_WARN_DEPRECATED_OBJC_IMPLEMENTATIONS = YES;
				CLANG_WARN_DIRECT_OBJC_ISA_USAGE = YES_ERROR;
				CLANG_WARN_DOCUMENTATION_COMMENTS = YES;
				CLANG_WARN_EMPTY_BODY = YES;
				CLANG_WARN_ENUM_CONVERSION = YES;
				CLANG_WARN_INFINITE_RECURSION = YES;
				CLANG_WARN_INT_CONVERSION = YES;
				CLANG_WARN_NON_LITERAL_NULL_CONVERSION = YES;
				CLANG_WARN_OBJC_IMPLICIT_RETAIN_SELF = YES;
				CLANG_WARN_OBJC_LITERAL_CONVERSION = YES;
				CLANG_WARN_OBJC_ROOT_CLASS = YES_ERROR;
				CLANG_WARN_QUOTED_INCLUDE_IN_FRAMEWORK_HEADER = YES;
				CLANG_WARN_RANGE_LOOP_ANALYSIS = YES;
				CLANG_WARN_STRICT_PROTOTYPES = YES;
				CLANG_WARN_SUSPICIOUS_MOVE = YES;
				CLANG_WARN_UNGUARDED_AVAILABILITY = YES_AGGRESSIVE;
				CLANG_WARN_UNREACHABLE_CODE = YES;
				CLANG_WARN__DUPLICATE_METHOD_MATCH = YES;
				COPY_PHASE_STRIP = NO;
				DEBUG_INFORMATION_FORMAT = dwarf;
				ENABLE_STRICT_OBJC_MSGSEND = YES;
				ENABLE_TESTABILITY = YES;
				GCC_C_LANGUAGE_STANDARD = gnu11;
				GCC_DYNAMIC_NO_PIC = NO;
				GCC_NO_COMMON_BLOCKS = YES;
				GCC_OPTIMIZATION_LEVEL = 0;
				GCC_PREPROCESSOR_DEFINITIONS = (
					"DEBUG=1",
					"$(inherited)",
				);
				GCC_WARN_64_TO_32_BIT_CONVERSION = YES;
				GCC_WARN_ABOUT_RETURN_TYPE = YES_ERROR;
				GCC_WARN_UNDECLARED_SELECTOR = YES;
				GCC_WARN_UNINITIALIZED_AUTOS = YES_AGGRESSIVE;
				GCC_WARN_UNUSED_FUNCTION = YES;
				GCC_WARN_UNUSED_VARIABLE = YES;
				IPHONEOS_DEPLOYMENT_TARGET = 15.4;
				MTL_ENABLE_DEBUG_INFO = INCLUDE_SOURCE;
				MTL_FAST_MATH = YES;
				ONLY_ACTIVE_ARCH = YES;
				SDKROOT = iphoneos;
				SWIFT_ACTIVE_COMPILATION_CONDITIONS = DEBUG;
				SWIFT_OPTIMIZATION_LEVEL = "-Onone";
			};
			name = Debug;
		};
		92ADE22A27F31105008EF83C /* Release */ = {
			isa = XCBuildConfiguration;
			buildSettings = {
				ALWAYS_SEARCH_USER_PATHS = NO;
				CLANG_ANALYZER_NONNULL = YES;
				CLANG_ANALYZER_NUMBER_OBJECT_CONVERSION = YES_AGGRESSIVE;
				CLANG_CXX_LANGUAGE_STANDARD = "gnu++17";
				CLANG_ENABLE_MODULES = YES;
				CLANG_ENABLE_OBJC_ARC = YES;
				CLANG_ENABLE_OBJC_WEAK = YES;
				CLANG_WARN_BLOCK_CAPTURE_AUTORELEASING = YES;
				CLANG_WARN_BOOL_CONVERSION = YES;
				CLANG_WARN_COMMA = YES;
				CLANG_WARN_CONSTANT_CONVERSION = YES;
				CLANG_WARN_DEPRECATED_OBJC_IMPLEMENTATIONS = YES;
				CLANG_WARN_DIRECT_OBJC_ISA_USAGE = YES_ERROR;
				CLANG_WARN_DOCUMENTATION_COMMENTS = YES;
				CLANG_WARN_EMPTY_BODY = YES;
				CLANG_WARN_ENUM_CONVERSION = YES;
				CLANG_WARN_INFINITE_RECURSION = YES;
				CLANG_WARN_INT_CONVERSION = YES;
				CLANG_WARN_NON_LITERAL_NULL_CONVERSION = YES;
				CLANG_WARN_OBJC_IMPLICIT_RETAIN_SELF = YES;
				CLANG_WARN_OBJC_LITERAL_CONVERSION = YES;
				CLANG_WARN_OBJC_ROOT_CLASS = YES_ERROR;
				CLANG_WARN_QUOTED_INCLUDE_IN_FRAMEWORK_HEADER = YES;
				CLANG_WARN_RANGE_LOOP_ANALYSIS = YES;
				CLANG_WARN_STRICT_PROTOTYPES = YES;
				CLANG_WARN_SUSPICIOUS_MOVE = YES;
				CLANG_WARN_UNGUARDED_AVAILABILITY = YES_AGGRESSIVE;
				CLANG_WARN_UNREACHABLE_CODE = YES;
				CLANG_WARN__DUPLICATE_METHOD_MATCH = YES;
				COPY_PHASE_STRIP = NO;
				DEBUG_INFORMATION_FORMAT = "dwarf-with-dsym";
				ENABLE_NS_ASSERTIONS = NO;
				ENABLE_STRICT_OBJC_MSGSEND = YES;
				GCC_C_LANGUAGE_STANDARD = gnu11;
				GCC_NO_COMMON_BLOCKS = YES;
				GCC_WARN_64_TO_32_BIT_CONVERSION = YES;
				GCC_WARN_ABOUT_RETURN_TYPE = YES_ERROR;
				GCC_WARN_UNDECLARED_SELECTOR = YES;
				GCC_WARN_UNINITIALIZED_AUTOS = YES_AGGRESSIVE;
				GCC_WARN_UNUSED_FUNCTION = YES;
				GCC_WARN_UNUSED_VARIABLE = YES;
				IPHONEOS_DEPLOYMENT_TARGET = 15.4;
				MTL_ENABLE_DEBUG_INFO = NO;
				MTL_FAST_MATH = YES;
				SDKROOT = iphoneos;
				SWIFT_COMPILATION_MODE = wholemodule;
				SWIFT_OPTIMIZATION_LEVEL = "-O";
				VALIDATE_PRODUCT = YES;
			};
			name = Release;
		};
		92ADE22C27F31105008EF83C /* Debug */ = {
			isa = XCBuildConfiguration;
			buildSettings = {
				ASSETCATALOG_COMPILER_APPICON_NAME = AppIcon;
				ASSETCATALOG_COMPILER_GLOBAL_ACCENT_COLOR_NAME = AccentColor;
				CODE_SIGN_STYLE = Automatic;
				CURRENT_PROJECT_VERSION = 1;
				DEVELOPMENT_ASSET_PATHS = "\"simple monitoring/Preview Content\"";
				DEVELOPMENT_TEAM = 7SF82G2Y6Q;
				ENABLE_PREVIEWS = YES;
				GENERATE_INFOPLIST_FILE = YES;
				INFOPLIST_KEY_UIApplicationSceneManifest_Generation = YES;
				INFOPLIST_KEY_UIApplicationSupportsIndirectInputEvents = YES;
				INFOPLIST_KEY_UILaunchScreen_Generation = YES;
				INFOPLIST_KEY_UISupportedInterfaceOrientations_iPad = "UIInterfaceOrientationPortrait UIInterfaceOrientationPortraitUpsideDown UIInterfaceOrientationLandscapeLeft UIInterfaceOrientationLandscapeRight";
				INFOPLIST_KEY_UISupportedInterfaceOrientations_iPhone = "UIInterfaceOrientationPortrait UIInterfaceOrientationLandscapeLeft UIInterfaceOrientationLandscapeRight";
				LD_RUNPATH_SEARCH_PATHS = (
					"$(inherited)",
					"@executable_path/Frameworks",
				);
				MARKETING_VERSION = 1.0;
				PRODUCT_BUNDLE_IDENTIFIER = "ua.com.serverhelp.simple-monitoring";
				PRODUCT_NAME = "$(TARGET_NAME)";
				SWIFT_EMIT_LOC_STRINGS = YES;
				SWIFT_VERSION = 5.0;
				TARGETED_DEVICE_FAMILY = "1,2";
			};
			name = Debug;
		};
		92ADE22D27F31105008EF83C /* Release */ = {
			isa = XCBuildConfiguration;
			buildSettings = {
				ASSETCATALOG_COMPILER_APPICON_NAME = AppIcon;
				ASSETCATALOG_COMPILER_GLOBAL_ACCENT_COLOR_NAME = AccentColor;
				CODE_SIGN_STYLE = Automatic;
				CURRENT_PROJECT_VERSION = 1;
				DEVELOPMENT_ASSET_PATHS = "\"simple monitoring/Preview Content\"";
				DEVELOPMENT_TEAM = 7SF82G2Y6Q;
				ENABLE_PREVIEWS = YES;
				GENERATE_INFOPLIST_FILE = YES;
				INFOPLIST_KEY_UIApplicationSceneManifest_Generation = YES;
				INFOPLIST_KEY_UIApplicationSupportsIndirectInputEvents = YES;
				INFOPLIST_KEY_UILaunchScreen_Generation = YES;
				INFOPLIST_KEY_UISupportedInterfaceOrientations_iPad = "UIInterfaceOrientationPortrait UIInterfaceOrientationPortraitUpsideDown UIInterfaceOrientationLandscapeLeft UIInterfaceOrientationLandscapeRight";
				INFOPLIST_KEY_UISupportedInterfaceOrientations_iPhone = "UIInterfaceOrientationPortrait UIInterfaceOrientationLandscapeLeft UIInterfaceOrientationLandscapeRight";
				LD_RUNPATH_SEARCH_PATHS = (
					"$(inherited)",
					"@executable_path/Frameworks",
				);
				MARKETING_VERSION = 1.0;
				PRODUCT_BUNDLE_IDENTIFIER = "ua.com.serverhelp.simple-monitoring";
				PRODUCT_NAME = "$(TARGET_NAME)";
				SWIFT_EMIT_LOC_STRINGS = YES;
				SWIFT_VERSION = 5.0;
				TARGETED_DEVICE_FAMILY = "1,2";
			};
			name = Release;
		};
		92ADE22F27F31105008EF83C /* Debug */ = {
			isa = XCBuildConfiguration;
			buildSettings = {
				ALWAYS_EMBED_SWIFT_STANDARD_LIBRARIES = YES;
				BUNDLE_LOADER = "$(TEST_HOST)";
				CODE_SIGN_STYLE = Automatic;
				CURRENT_PROJECT_VERSION = 1;
				DEVELOPMENT_TEAM = 7SF82G2Y6Q;
				GENERATE_INFOPLIST_FILE = YES;
				IPHONEOS_DEPLOYMENT_TARGET = 15.4;
				MARKETING_VERSION = 1.0;
				PRODUCT_BUNDLE_IDENTIFIER = "ua.com.serverhelp.simple-monitoringTests";
				PRODUCT_NAME = "$(TARGET_NAME)";
				SWIFT_EMIT_LOC_STRINGS = NO;
				SWIFT_VERSION = 5.0;
				TARGETED_DEVICE_FAMILY = "1,2";
				TEST_HOST = "$(BUILT_PRODUCTS_DIR)/simple monitoring.app/simple monitoring";
			};
			name = Debug;
		};
		92ADE23027F31105008EF83C /* Release */ = {
			isa = XCBuildConfiguration;
			buildSettings = {
				ALWAYS_EMBED_SWIFT_STANDARD_LIBRARIES = YES;
				BUNDLE_LOADER = "$(TEST_HOST)";
				CODE_SIGN_STYLE = Automatic;
				CURRENT_PROJECT_VERSION = 1;
				DEVELOPMENT_TEAM = 7SF82G2Y6Q;
				GENERATE_INFOPLIST_FILE = YES;
				IPHONEOS_DEPLOYMENT_TARGET = 15.4;
				MARKETING_VERSION = 1.0;
				PRODUCT_BUNDLE_IDENTIFIER = "ua.com.serverhelp.simple-monitoringTests";
				PRODUCT_NAME = "$(TARGET_NAME)";
				SWIFT_EMIT_LOC_STRINGS = NO;
				SWIFT_VERSION = 5.0;
				TARGETED_DEVICE_FAMILY = "1,2";
				TEST_HOST = "$(BUILT_PRODUCTS_DIR)/simple monitoring.app/simple monitoring";
			};
			name = Release;
		};
		92ADE23227F31105008EF83C /* Debug */ = {
			isa = XCBuildConfiguration;
			buildSettings = {
				ALWAYS_EMBED_SWIFT_STANDARD_LIBRARIES = YES;
				CODE_SIGN_STYLE = Automatic;
				CURRENT_PROJECT_VERSION = 1;
				DEVELOPMENT_TEAM = 7SF82G2Y6Q;
				GENERATE_INFOPLIST_FILE = YES;
				MARKETING_VERSION = 1.0;
				PRODUCT_BUNDLE_IDENTIFIER = "ua.com.serverhelp.simple-monitoringUITests";
				PRODUCT_NAME = "$(TARGET_NAME)";
				SWIFT_EMIT_LOC_STRINGS = NO;
				SWIFT_VERSION = 5.0;
				TARGETED_DEVICE_FAMILY = "1,2";
				TEST_TARGET_NAME = "simple monitoring";
			};
			name = Debug;
		};
		92ADE23327F31105008EF83C /* Release */ = {
			isa = XCBuildConfiguration;
			buildSettings = {
				ALWAYS_EMBED_SWIFT_STANDARD_LIBRARIES = YES;
				CODE_SIGN_STYLE = Automatic;
				CURRENT_PROJECT_VERSION = 1;
				DEVELOPMENT_TEAM = 7SF82G2Y6Q;
				GENERATE_INFOPLIST_FILE = YES;
				MARKETING_VERSION = 1.0;
				PRODUCT_BUNDLE_IDENTIFIER = "ua.com.serverhelp.simple-monitoringUITests";
				PRODUCT_NAME = "$(TARGET_NAME)";
				SWIFT_EMIT_LOC_STRINGS = NO;
				SWIFT_VERSION = 5.0;
				TARGETED_DEVICE_FAMILY = "1,2";
				TEST_TARGET_NAME = "simple monitoring";
			};
			name = Release;
		};
/* End XCBuildConfiguration section */

/* Begin XCConfigurationList section */
		92ADE20227F31100008EF83C /* Build configuration list for PBXProject "simple monitoring" */ = {
			isa = XCConfigurationList;
			buildConfigurations = (
				92ADE22927F31105008EF83C /* Debug */,
				92ADE22A27F31105008EF83C /* Release */,
			);
			defaultConfigurationIsVisible = 0;
			defaultConfigurationName = Release;
		};
		92ADE22B27F31105008EF83C /* Build configuration list for PBXNativeTarget "simple monitoring" */ = {
			isa = XCConfigurationList;
			buildConfigurations = (
				92ADE22C27F31105008EF83C /* Debug */,
				92ADE22D27F31105008EF83C /* Release */,
			);
			defaultConfigurationIsVisible = 0;
			defaultConfigurationName = Release;
		};
		92ADE22E27F31105008EF83C /* Build configuration list for PBXNativeTarget "simple monitoringTests" */ = {
			isa = XCConfigurationList;
			buildConfigurations = (
				92ADE22F27F31105008EF83C /* Debug */,
				92ADE23027F31105008EF83C /* Release */,
			);
			defaultConfigurationIsVisible = 0;
			defaultConfigurationName = Release;
		};
		92ADE23127F31105008EF83C /* Build configuration list for PBXNativeTarget "simple monitoringUITests" */ = {
			isa = XCConfigurationList;
			buildConfigurations = (
				92ADE23227F31105008EF83C /* Debug */,
				92ADE23327F31105008EF83C /* Release */,
			);
			defaultConfigurationIsVisible = 0;
			defaultConfigurationName = Release;
		};
/* End XCConfigurationList section */
	};
	rootObject = 92ADE1FF27F31100008EF83C /* Project object */;
}
